// !$*UTF8*$!
{
	archiveVersion = 1;
	classes = {
	};
	objectVersion = 50;
	objects = {

/* Begin PBXBuildFile section */
		626731EB22DF7BE90031C145 /* AppDelegate.swift in Sources */ = {isa = PBXBuildFile; fileRef = 626731EA22DF7BE90031C145 /* AppDelegate.swift */; };
		626731F022DF7BE90031C145 /* Main.storyboard in Resources */ = {isa = PBXBuildFile; fileRef = 626731EE22DF7BE90031C145 /* Main.storyboard */; };
		626731F222DF7BEA0031C145 /* Assets.xcassets in Resources */ = {isa = PBXBuildFile; fileRef = 626731F122DF7BEA0031C145 /* Assets.xcassets */; };
		626731F522DF7BEA0031C145 /* LaunchScreen.storyboard in Resources */ = {isa = PBXBuildFile; fileRef = 626731F322DF7BEA0031C145 /* LaunchScreen.storyboard */; };
		FB863C5222DF7E7B00D73F3C /* Karl added.swift in Sources */ = {isa = PBXBuildFile; fileRef = FB863C5122DF7E7B00D73F3C /* Karl added.swift */; };
/* End PBXBuildFile section */

/* Begin PBXFileReference section */
		626731E722DF7BE90031C145 /* JournalButCooler.app */ = {isa = PBXFileReference; explicitFileType = wrapper.application; includeInIndex = 0; path = JournalButCooler.app; sourceTree = BUILT_PRODUCTS_DIR; };
		626731EA22DF7BE90031C145 /* AppDelegate.swift */ = {isa = PBXFileReference; lastKnownFileType = sourcecode.swift; path = AppDelegate.swift; sourceTree = "<group>"; };
		626731EF22DF7BE90031C145 /* Base */ = {isa = PBXFileReference; lastKnownFileType = file.storyboard; name = Base; path = Base.lproj/Main.storyboard; sourceTree = "<group>"; };
		626731F122DF7BEA0031C145 /* Assets.xcassets */ = {isa = PBXFileReference; lastKnownFileType = folder.assetcatalog; path = Assets.xcassets; sourceTree = "<group>"; };
		626731F422DF7BEA0031C145 /* Base */ = {isa = PBXFileReference; lastKnownFileType = file.storyboard; name = Base; path = Base.lproj/LaunchScreen.storyboard; sourceTree = "<group>"; };
		626731F622DF7BEA0031C145 /* Info.plist */ = {isa = PBXFileReference; lastKnownFileType = text.plist.xml; path = Info.plist; sourceTree = "<group>"; };
		FB863C5122DF7E7B00D73F3C /* Karl added.swift */ = {isa = PBXFileReference; lastKnownFileType = sourcecode.swift; path = "Karl added.swift"; sourceTree = "<group>"; };
/* End PBXFileReference section */

/* Begin PBXFrameworksBuildPhase section */
		626731E422DF7BE90031C145 /* Frameworks */ = {
			isa = PBXFrameworksBuildPhase;
			buildActionMask = 2147483647;
			files = (
			);
			runOnlyForDeploymentPostprocessing = 0;
		};
/* End PBXFrameworksBuildPhase section */

/* Begin PBXGroup section */
		626731DE22DF7BE90031C145 = {
			isa = PBXGroup;
			children = (
				FB863C5122DF7E7B00D73F3C /* Karl added.swift */,
				626731E922DF7BE90031C145 /* JournalButCooler */,
				626731E822DF7BE90031C145 /* Products */,
			);
			sourceTree = "<group>";
		};
		626731E822DF7BE90031C145 /* Products */ = {
			isa = PBXGroup;
			children = (
				626731E722DF7BE90031C145 /* JournalButCooler.app */,
			);
			name = Products;
			sourceTree = "<group>";
		};
		626731E922DF7BE90031C145 /* JournalButCooler */ = {
			isa = PBXGroup;
			children = (
				626731EE22DF7BE90031C145 /* Main.storyboard */,
				626731FC22DF7BF80031C145 /* Resources */,
			);
			path = JournalButCooler;
			sourceTree = "<group>";
		};
		626731FC22DF7BF80031C145 /* Resources */ = {
			isa = PBXGroup;
			children = (
				626731EA22DF7BE90031C145 /* AppDelegate.swift */,
				626731F122DF7BEA0031C145 /* Assets.xcassets */,
				626731F322DF7BEA0031C145 /* LaunchScreen.storyboard */,
				626731F622DF7BEA0031C145 /* Info.plist */,
			);
			path = Resources;
			sourceTree = "<group>";
		};
/* End PBXGroup section */

/* Begin PBXNativeTarget section */
		626731E622DF7BE90031C145 /* JournalButCooler */ = {
			isa = PBXNativeTarget;
			buildConfigurationList = 626731F922DF7BEA0031C145 /* Build configuration list for PBXNativeTarget "JournalButCooler" */;
			buildPhases = (
				626731E322DF7BE90031C145 /* Sources */,
				626731E422DF7BE90031C145 /* Frameworks */,
				626731E522DF7BE90031C145 /* Resources */,
			);
			buildRules = (
			);
			dependencies = (
			);
			name = JournalButCooler;
			productName = JournalButCooler;
			productReference = 626731E722DF7BE90031C145 /* JournalButCooler.app */;
			productType = "com.apple.product-type.application";
		};
/* End PBXNativeTarget section */

/* Begin PBXProject section */
		626731DF22DF7BE90031C145 /* Project object */ = {
			isa = PBXProject;
			attributes = {
				LastSwiftUpdateCheck = 1020;
				LastUpgradeCheck = 1020;
				ORGANIZATIONNAME = "RYAN GREENBURG";
				TargetAttributes = {
					626731E622DF7BE90031C145 = {
						CreatedOnToolsVersion = 10.2.1;
					};
				};
			};
			buildConfigurationList = 626731E222DF7BE90031C145 /* Build configuration list for PBXProject "JournalButCooler" */;
			compatibilityVersion = "Xcode 9.3";
			developmentRegion = en;
			hasScannedForEncodings = 0;
			knownRegions = (
				en,
				Base,
			);
			mainGroup = 626731DE22DF7BE90031C145;
			productRefGroup = 626731E822DF7BE90031C145 /* Products */;
			projectDirPath = "";
			projectRoot = "";
			targets = (
				626731E622DF7BE90031C145 /* JournalButCooler */,
			);
		};
/* End PBXProject section */

/* Begin PBXResourcesBuildPhase section */
		626731E522DF7BE90031C145 /* Resources */ = {
			isa = PBXResourcesBuildPhase;
			buildActionMask = 2147483647;
			files = (
				626731F522DF7BEA0031C145 /* LaunchScreen.storyboard in Resources */,
				626731F222DF7BEA0031C145 /* Assets.xcassets in Resources */,
				626731F022DF7BE90031C145 /* Main.storyboard in Resources */,
			);
			runOnlyForDeploymentPostprocessing = 0;
		};
/* End PBXResourcesBuildPhase section */

/* Begin PBXSourcesBuildPhase section */
		626731E322DF7BE90031C145 /* Sources */ = {
			isa = PBXSourcesBuildPhase;
			buildActionMask = 2147483647;
			files = (
				626731EB22DF7BE90031C145 /* AppDelegate.swift in Sources */,
				FB863C5222DF7E7B00D73F3C /* Karl added.swift in Sources */,
			);
			runOnlyForDeploymentPostprocessing = 0;
		};
/* End PBXSourcesBuildPhase section */

/* Begin PBXVariantGroup section */
		626731EE22DF7BE90031C145 /* Main.storyboard */ = {
			isa = PBXVariantGroup;
			children = (
				626731EF22DF7BE90031C145 /* Base */,
			);
			name = Main.storyboard;
			sourceTree = "<group>";
		};
		626731F322DF7BEA0031C145 /* LaunchScreen.storyboard */ = {
			isa = PBXVariantGroup;
			children = (
				626731F422DF7BEA0031C145 /* Base */,
			);
			name = LaunchScreen.storyboard;
			sourceTree = "<group>";
		};
/* End PBXVariantGroup section */

/* Begin XCBuildConfiguration section */
		626731F722DF7BEA0031C145 /* Debug */ = {
			isa = XCBuildConfiguration;
			buildSettings = {
				ALWAYS_SEARCH_USER_PATHS = NO;
				CLANG_ANALYZER_NONNULL = YES;
				CLANG_ANALYZER_NUMBER_OBJECT_CONVERSION = YES_AGGRESSIVE;
				CLANG_CXX_LANGUAGE_STANDARD = "gnu++14";
				CLANG_CXX_LIBRARY = "libc++";
				CLANG_ENABLE_MODULES = YES;
				CLANG_ENABLE_OBJC_ARC = YES;
				CLANG_ENABLE_OBJC_WEAK = YES;
				CLANG_WARN_BLOCK_CAPTURE_AUTORELEASING = YES;
				CLANG_WARN_BOOL_CONVERSION = YES;
				CLANG_WARN_COMMA = YES;
				CLANG_WARN_CONSTANT_CONVERSION = YES;
				CLANG_WARN_DEPRECATED_OBJC_IMPLEMENTATIONS = YES;
				CLANG_WARN_DIRECT_OBJC_ISA_USAGE = YES_ERROR;
				CLANG_WARN_DOCUMENTATION_COMMENTS = YES;
				CLANG_WARN_EMPTY_BODY = YES;
				CLANG_WARN_ENUM_CONVERSION = YES;
				CLANG_WARN_INFINITE_RECURSION = YES;
				CLANG_WARN_INT_CONVERSION = YES;
				CLANG_WARN_NON_LITERAL_NULL_CONVERSION = YES;
				CLANG_WARN_OBJC_IMPLICIT_RETAIN_SELF = YES;
				CLANG_WARN_OBJC_LITERAL_CONVERSION = YES;
				CLANG_WARN_OBJC_ROOT_CLASS = YES_ERROR;
				CLANG_WARN_RANGE_LOOP_ANALYSIS = YES;
				CLANG_WARN_STRICT_PROTOTYPES = YES;
				CLANG_WARN_SUSPICIOUS_MOVE = YES;
				CLANG_WARN_UNGUARDED_AVAILABILITY = YES_AGGRESSIVE;
				CLANG_WARN_UNREACHABLE_CODE = YES;
				CLANG_WARN__DUPLICATE_METHOD_MATCH = YES;
				CODE_SIGN_IDENTITY = "iPhone Developer";
				COPY_PHASE_STRIP = NO;
				DEBUG_INFORMATION_FORMAT = dwarf;
				ENABLE_STRICT_OBJC_MSGSEND = YES;
				ENABLE_TESTABILITY = YES;
				GCC_C_LANGUAGE_STANDARD = gnu11;
				GCC_DYNAMIC_NO_PIC = NO;
				GCC_NO_COMMON_BLOCKS = YES;
				GCC_OPTIMIZATION_LEVEL = 0;
				GCC_PREPROCESSOR_DEFINITIONS = (
					"DEBUG=1",
					"$(inherited)",
				);
				GCC_WARN_64_TO_32_BIT_CONVERSION = YES;
				GCC_WARN_ABOUT_RETURN_TYPE = YES_ERROR;
				GCC_WARN_UNDECLARED_SELECTOR = YES;
				GCC_WARN_UNINITIALIZED_AUTOS = YES_AGGRESSIVE;
				GCC_WARN_UNUSED_FUNCTION = YES;
				GCC_WARN_UNUSED_VARIABLE = YES;
				IPHONEOS_DEPLOYMENT_TARGET = 12.2;
				MTL_ENABLE_DEBUG_INFO = INCLUDE_SOURCE;
				MTL_FAST_MATH = YES;
				ONLY_ACTIVE_ARCH = YES;
				SDKROOT = iphoneos;
				SWIFT_ACTIVE_COMPILATION_CONDITIONS = DEBUG;
				SWIFT_OPTIMIZATION_LEVEL = "-Onone";
			};
			name = Debug;
		};
		626731F822DF7BEA0031C145 /* Release */ = {
			isa = XCBuildConfiguration;
			buildSettings = {
				ALWAYS_SEARCH_USER_PATHS = NO;
				CLANG_ANALYZER_NONNULL = YES;
				CLANG_ANALYZER_NUMBER_OBJECT_CONVERSION = YES_AGGRESSIVE;
				CLANG_CXX_LANGUAGE_STANDARD = "gnu++14";
				CLANG_CXX_LIBRARY = "libc++";
				CLANG_ENABLE_MODULES = YES;
				CLANG_ENABLE_OBJC_ARC = YES;
				CLANG_ENABLE_OBJC_WEAK = YES;
				CLANG_WARN_BLOCK_CAPTURE_AUTORELEASING = YES;
				CLANG_WARN_BOOL_CONVERSION = YES;
				CLANG_WARN_COMMA = YES;
				CLANG_WARN_CONSTANT_CONVERSION = YES;
				CLANG_WARN_DEPRECATED_OBJC_IMPLEMENTATIONS = YES;
				CLANG_WARN_DIRECT_OBJC_ISA_USAGE = YES_ERROR;
				CLANG_WARN_DOCUMENTATION_COMMENTS = YES;
				CLANG_WARN_EMPTY_BODY = YES;
				CLANG_WARN_ENUM_CONVERSION = YES;
				CLANG_WARN_INFINITE_RECURSION = YES;
				CLANG_WARN_INT_CONVERSION = YES;
				CLANG_WARN_NON_LITERAL_NULL_CONVERSION = YES;
				CLANG_WARN_OBJC_IMPLICIT_RETAIN_SELF = YES;
				CLANG_WARN_OBJC_LITERAL_CONVERSION = YES;
				CLANG_WARN_OBJC_ROOT_CLASS = YES_ERROR;
				CLANG_WARN_RANGE_LOOP_ANALYSIS = YES;
				CLANG_WARN_STRICT_PROTOTYPES = YES;
				CLANG_WARN_SUSPICIOUS_MOVE = YES;
				CLANG_WARN_UNGUARDED_AVAILABILITY = YES_AGGRESSIVE;
				CLANG_WARN_UNREACHABLE_CODE = YES;
				CLANG_WARN__DUPLICATE_METHOD_MATCH = YES;
				CODE_SIGN_IDENTITY = "iPhone Developer";
				COPY_PHASE_STRIP = NO;
				DEBUG_INFORMATION_FORMAT = "dwarf-with-dsym";
				ENABLE_NS_ASSERTIONS = NO;
				ENABLE_STRICT_OBJC_MSGSEND = YES;
				GCC_C_LANGUAGE_STANDARD = gnu11;
				GCC_NO_COMMON_BLOCKS = YES;
				GCC_WARN_64_TO_32_BIT_CONVERSION = YES;
				GCC_WARN_ABOUT_RETURN_TYPE = YES_ERROR;
				GCC_WARN_UNDECLARED_SELECTOR = YES;
				GCC_WARN_UNINITIALIZED_AUTOS = YES_AGGRESSIVE;
				GCC_WARN_UNUSED_FUNCTION = YES;
				GCC_WARN_UNUSED_VARIABLE = YES;
				IPHONEOS_DEPLOYMENT_TARGET = 12.2;
				MTL_ENABLE_DEBUG_INFO = NO;
				MTL_FAST_MATH = YES;
				SDKROOT = iphoneos;
				SWIFT_COMPILATION_MODE = wholemodule;
				SWIFT_OPTIMIZATION_LEVEL = "-O";
				VALIDATE_PRODUCT = YES;
			};
			name = Release;
		};
		626731FA22DF7BEA0031C145 /* Debug */ = {
			isa = XCBuildConfiguration;
			buildSettings = {
				ASSETCATALOG_COMPILER_APPICON_NAME = AppIcon;
				CODE_SIGN_STYLE = Automatic;
				INFOPLIST_FILE = JournalButCooler/Info.plist;
				LD_RUNPATH_SEARCH_PATHS = (
					"$(inherited)",
					"@executable_path/Frameworks",
				);
				PRODUCT_BUNDLE_IDENTIFIER = A.JournalButCooler;
				PRODUCT_NAME = "$(TARGET_NAME)";
				SWIFT_VERSION = 5.0;
				TARGETED_DEVICE_FAMILY = "1,2";
			};
			name = Debug;
		};
		626731FB22DF7BEA0031C145 /* Release */ = {
			isa = XCBuildConfiguration;
			buildSettings = {
				ASSETCATALOG_COMPILER_APPICON_NAME = AppIcon;
				CODE_SIGN_STYLE = Automatic;
				INFOPLIST_FILE = JournalButCooler/Info.plist;
				LD_RUNPATH_SEARCH_PATHS = (
					"$(inherited)",
					"@executable_path/Frameworks",
				);
				PRODUCT_BUNDLE_IDENTIFIER = A.JournalButCooler;
				PRODUCT_NAME = "$(TARGET_NAME)";
				SWIFT_VERSION = 5.0;
				TARGETED_DEVICE_FAMILY = "1,2";
			};
			name = Release;
		};
/* End XCBuildConfiguration section */

/* Begin XCConfigurationList section */
		626731E222DF7BE90031C145 /* Build configuration list for PBXProject "JournalButCooler" */ = {
			isa = XCConfigurationList;
			buildConfigurations = (
				626731F722DF7BEA0031C145 /* Debug */,
				626731F822DF7BEA0031C145 /* Release */,
			);
			defaultConfigurationIsVisible = 0;
			defaultConfigurationName = Release;
		};
		626731F922DF7BEA0031C145 /* Build configuration list for PBXNativeTarget "JournalButCooler" */ = {
			isa = XCConfigurationList;
			buildConfigurations = (
				626731FA22DF7BEA0031C145 /* Debug */,
				626731FB22DF7BEA0031C145 /* Release */,
			);
			defaultConfigurationIsVisible = 0;
			defaultConfigurationName = Release;
		};
/* End XCConfigurationList section */
	};
	rootObject = 626731DF22DF7BE90031C145 /* Project object */;
}
